<?xml version="1.0" encoding="utf-8"?>
<Project ToolsVersion="4.0" xmlns="http://schemas.microsoft.com/developer/msbuild/2003">
  <ItemGroup>
    <Filter Include="include">
      <UniqueIdentifier>{ef7f6173-4751-4b96-b7ff-84d31dfd8a43}</UniqueIdentifier>
      <Extensions>h;hh;hpp;hxx;hm;inl;inc;ipp;xsd</Extensions>
    </Filter>
    <Filter Include="source">
      <UniqueIdentifier>{23bd74d7-0252-4ed4-90ed-611455e88fc6}</UniqueIdentifier>
      <Extensions>cpp;c;cc;cxx;def;odl;idl;hpj;bat;asm;asmx</Extensions>
    </Filter>
  </ItemGroup>
  <ItemGroup>
    <ClCompile Include="source\core.cpp">
      <Filter>source</Filter>
    </ClCompile>
    <ClCompile Include="source\stdafx.cpp">
      <Filter>source</Filter>
    </ClCompile>
    <ClCompile Include="source\utils.cpp">
      <Filter>source</Filter>
    </ClCompile>
    <ClCompile Include="source\wgc_session.cpp">
      <Filter>source</Filter>
    </ClCompile>
    <ClCompile Include="source\wgc_system.cpp">
      <Filter>source</Filter>
    </ClCompile>
    <ClCompile Include="source\frame_buffer.cpp">
      <Filter>source</Filter>
    </ClCompile>
    <ClCompile Include="source\async_texture_readback.cpp">
      <Filter>source</Filter>
    </ClCompile>
  </ItemGroup>
  <ItemGroup>
    <ClInclude Include="include\stdafx.h">
      <Filter>include</Filter>
    </ClInclude>
    <ClInclude Include="include\utils.h">
      <Filter>include</Filter>
    </ClInclude>
    <ClInclude Include="include\wgc_session.h">
      <Filter>include</Filter>
    </ClInclude>
    <ClInclude Include="include\wgc_system.h">
      <Filter>include</Filter>
    </ClInclude>
    <ClInclude Include="include\frame_buffer.h">
      <Filter>include</Filter>
    </ClInclude>
    <ClInclude Include="include\async_texture_readback.h">
      <Filter>include</Filter>
    </ClInclude>
  </ItemGroup>
</Project>